
Microsoft Visual Studio Solution File, Format Version 12.00
# Visual Studio 15
VisualStudioVersion = 15.0.26124.0
MinimumVisualStudioVersion = 15.0.26124.0
Project("{FAE04EC0-301F-11D3-BF4B-00C04F79EFBC}") = "CostTracker.Domain", "CostTracker.Domain\CostTracker.Domain.csproj", "{4C176361-6A9F-464E-9DF2-16636B4E0446}"
EndProject
Project("{FAE04EC0-301F-11D3-BF4B-00C04F79EFBC}") = "CostTracker.Common", "CostTracker.Common\CostTracker.Common.csproj", "{89211F1B-A5D5-48A7-96F6-899C03385520}"
EndProject
Project("{FAE04EC0-301F-11D3-BF4B-00C04F79EFBC}") = "CostTracker.Infrastructure", "CostTracker.Infrastructure\CostTracker.Infrastructure.csproj", "{92B911BA-EE5F-4CE4-AF16-4BCE6AABA695}"
EndProject
Project("{FAE04EC0-301F-11D3-BF4B-00C04F79EFBC}") = "CostTracker.Core", "CostTracker.Core\CostTracker.Core.csproj", "{453191C3-37C3-425A-A0CC-A25BE8123240}"
EndProject
Project("{FAE04EC0-301F-11D3-BF4B-00C04F79EFBC}") = "CostTracker.Api", "CostTracker.Api\CostTracker.Api.csproj", "{F7529C81-5604-48C8-9CE5-65B81B04D275}"
EndProject
Global
	GlobalSection(SolutionConfigurationPlatforms) = preSolution
		Debug|Any CPU = Debug|Any CPU
		Debug|x64 = Debug|x64
		Debug|x86 = Debug|x86
		Release|Any CPU = Release|Any CPU
		Release|x64 = Release|x64
		Release|x86 = Release|x86
	EndGlobalSection
	GlobalSection(SolutionProperties) = preSolution
		HideSolutionNode = FALSE
	EndGlobalSection
	GlobalSection(ProjectConfigurationPlatforms) = postSolution
		{4C176361-6A9F-464E-9DF2-16636B4E0446}.Debug|Any CPU.ActiveCfg = Debug|Any CPU
		{4C176361-6A9F-464E-9DF2-16636B4E0446}.Debug|Any CPU.Build.0 = Debug|Any CPU
		{4C176361-6A9F-464E-9DF2-16636B4E0446}.Debug|x64.ActiveCfg = Debug|Any CPU
		{4C176361-6A9F-464E-9DF2-16636B4E0446}.Debug|x64.Build.0 = Debug|Any CPU
		{4C176361-6A9F-464E-9DF2-16636B4E0446}.Debug|x86.ActiveCfg = Debug|Any CPU
		{4C176361-6A9F-464E-9DF2-16636B4E0446}.Debug|x86.Build.0 = Debug|Any CPU
		{4C176361-6A9F-464E-9DF2-16636B4E0446}.Release|Any CPU.ActiveCfg = Release|Any CPU
		{4C176361-6A9F-464E-9DF2-16636B4E0446}.Release|Any CPU.Build.0 = Release|Any CPU
		{4C176361-6A9F-464E-9DF2-16636B4E0446}.Release|x64.ActiveCfg = Release|Any CPU
		{4C176361-6A9F-464E-9DF2-16636B4E0446}.Release|x64.Build.0 = Release|Any CPU
		{4C176361-6A9F-464E-9DF2-16636B4E0446}.Release|x86.ActiveCfg = Release|Any CPU
		{4C176361-6A9F-464E-9DF2-16636B4E0446}.Release|x86.Build.0 = Release|Any CPU
		{89211F1B-A5D5-48A7-96F6-899C03385520}.Debug|Any CPU.ActiveCfg = Debug|Any CPU
		{89211F1B-A5D5-48A7-96F6-899C03385520}.Debug|Any CPU.Build.0 = Debug|Any CPU
		{89211F1B-A5D5-48A7-96F6-899C03385520}.Debug|x64.ActiveCfg = Debug|Any CPU
		{89211F1B-A5D5-48A7-96F6-899C03385520}.Debug|x64.Build.0 = Debug|Any CPU
		{89211F1B-A5D5-48A7-96F6-899C03385520}.Debug|x86.ActiveCfg = Debug|Any CPU
		{89211F1B-A5D5-48A7-96F6-899C03385520}.Debug|x86.Build.0 = Debug|Any CPU
		{89211F1B-A5D5-48A7-96F6-899C03385520}.Release|Any CPU.ActiveCfg = Release|Any CPU
		{89211F1B-A5D5-48A7-96F6-899C03385520}.Release|Any CPU.Build.0 = Release|Any CPU
		{89211F1B-A5D5-48A7-96F6-899C03385520}.Release|x64.ActiveCfg = Release|Any CPU
		{89211F1B-A5D5-48A7-96F6-899C03385520}.Release|x64.Build.0 = Release|Any CPU
		{89211F1B-A5D5-48A7-96F6-899C03385520}.Release|x86.ActiveCfg = Release|Any CPU
		{89211F1B-A5D5-48A7-96F6-899C03385520}.Release|x86.Build.0 = Release|Any CPU
		{92B911BA-EE5F-4CE4-AF16-4BCE6AABA695}.Debug|Any CPU.ActiveCfg = Debug|Any CPU
		{92B911BA-EE5F-4CE4-AF16-4BCE6AABA695}.Debug|Any CPU.Build.0 = Debug|Any CPU
		{92B911BA-EE5F-4CE4-AF16-4BCE6AABA695}.Debug|x64.ActiveCfg = Debug|Any CPU
		{92B911BA-EE5F-4CE4-AF16-4BCE6AABA695}.Debug|x64.Build.0 = Debug|Any CPU
		{92B911BA-EE5F-4CE4-AF16-4BCE6AABA695}.Debug|x86.ActiveCfg = Debug|Any CPU
		{92B911BA-EE5F-4CE4-AF16-4BCE6AABA695}.Debug|x86.Build.0 = Debug|Any CPU
		{92B911BA-EE5F-4CE4-AF16-4BCE6AABA695}.Release|Any CPU.ActiveCfg = Release|Any CPU
		{92B911BA-EE5F-4CE4-AF16-4BCE6AABA695}.Release|Any CPU.Build.0 = Release|Any CPU
		{92B911BA-EE5F-4CE4-AF16-4BCE6AABA695}.Release|x64.ActiveCfg = Release|Any CPU
		{92B911BA-EE5F-4CE4-AF16-4BCE6AABA695}.Release|x64.Build.0 = Release|Any CPU
		{92B911BA-EE5F-4CE4-AF16-4BCE6AABA695}.Release|x86.ActiveCfg = Release|Any CPU
		{92B911BA-EE5F-4CE4-AF16-4BCE6AABA695}.Release|x86.Build.0 = Release|Any CPU
		{453191C3-37C3-425A-A0CC-A25BE8123240}.Debug|Any CPU.ActiveCfg = Debug|Any CPU
		{453191C3-37C3-425A-A0CC-A25BE8123240}.Debug|Any CPU.Build.0 = Debug|Any CPU
		{453191C3-37C3-425A-A0CC-A25BE8123240}.Debug|x64.ActiveCfg = Debug|Any CPU
		{453191C3-37C3-425A-A0CC-A25BE8123240}.Debug|x64.Build.0 = Debug|Any CPU
		{453191C3-37C3-425A-A0CC-A25BE8123240}.Debug|x86.ActiveCfg = Debug|Any CPU
		{453191C3-37C3-425A-A0CC-A25BE8123240}.Debug|x86.Build.0 = Debug|Any CPU
		{453191C3-37C3-425A-A0CC-A25BE8123240}.Release|Any CPU.ActiveCfg = Release|Any CPU
		{453191C3-37C3-425A-A0CC-A25BE8123240}.Release|Any CPU.Build.0 = Release|Any CPU
		{453191C3-37C3-425A-A0CC-A25BE8123240}.Release|x64.ActiveCfg = Release|Any CPU
		{453191C3-37C3-425A-A0CC-A25BE8123240}.Release|x64.Build.0 = Release|Any CPU
		{453191C3-37C3-425A-A0CC-A25BE8123240}.Release|x86.ActiveCfg = Release|Any CPU
		{453191C3-37C3-425A-A0CC-A25BE8123240}.Release|x86.Build.0 = Release|Any CPU
		{F7529C81-5604-48C8-9CE5-65B81B04D275}.Debug|Any CPU.ActiveCfg = Debug|Any CPU
		{F7529C81-5604-48C8-9CE5-65B81B04D275}.Debug|Any CPU.Build.0 = Debug|Any CPU
		{F7529C81-5604-48C8-9CE5-65B81B04D275}.Debug|x64.ActiveCfg = Debug|Any CPU
		{F7529C81-5604-48C8-9CE5-65B81B04D275}.Debug|x64.Build.0 = Debug|Any CPU
		{F7529C81-5604-48C8-9CE5-65B81B04D275}.Debug|x86.ActiveCfg = Debug|Any CPU
		{F7529C81-5604-48C8-9CE5-65B81B04D275}.Debug|x86.Build.0 = Debug|Any CPU
		{F7529C81-5604-48C8-9CE5-65B81B04D275}.Release|Any CPU.ActiveCfg = Release|Any CPU
		{F7529C81-5604-48C8-9CE5-65B81B04D275}.Release|Any CPU.Build.0 = Release|Any CPU
		{F7529C81-5604-48C8-9CE5-65B81B04D275}.Release|x64.ActiveCfg = Release|Any CPU
		{F7529C81-5604-48C8-9CE5-65B81B04D275}.Release|x64.Build.0 = Release|Any CPU
		{F7529C81-5604-48C8-9CE5-65B81B04D275}.Release|x86.ActiveCfg = Release|Any CPU
		{F7529C81-5604-48C8-9CE5-65B81B04D275}.Release|x86.Build.0 = Release|Any CPU
	EndGlobalSection
EndGlobal
